
Microsoft Visual Studio Solution File, Format Version 12.00
# Visual Studio Version 17
VisualStudioVersion = 17.5.33627.172
MinimumVisualStudioVersion = 10.0.40219.1
Project("{FAE04EC0-301F-11D3-BF4B-00C04F79EFBC}") = "Question02", "Question02.csproj", "{FF048B4E-212F-444E-A1CD-28E99E02538F}"
EndProject
Global
	GlobalSection(SolutionConfigurationPlatforms) = preSolution
		Debug|Any CPU = Debug|Any CPU
		Release|Any CPU = Release|Any CPU
	EndGlobalSection
	GlobalSection(ProjectConfigurationPlatforms) = postSolution
		{FF048B4E-212F-444E-A1CD-28E99E02538F}.Debug|Any CPU.ActiveCfg = Debug|Any CPU
		{FF048B4E-212F-444E-A1CD-28E99E02538F}.Debug|Any CPU.Build.0 = Debug|Any CPU
		{FF048B4E-212F-444E-A1CD-28E99E02538F}.Release|Any CPU.ActiveCfg = Release|Any CPU
		{FF048B4E-212F-444E-A1CD-28E99E02538F}.Release|Any CPU.Build.0 = Release|Any CPU
	EndGlobalSection
	GlobalSection(SolutionProperties) = preSolution
		HideSolutionNode = FALSE
	EndGlobalSection
	GlobalSection(ExtensibilityGlobals) = postSolution
		SolutionGuid = {4D058AF4-7714-4FC3-94E3-4D252E7E7852}
	EndGlobalSection
EndGlobal
